
Microsoft Visual Studio Solution File, Format Version 12.00
# Visual Studio 2013
VisualStudioVersion = 12.0.31101.0
MinimumVisualStudioVersion = 10.0.40219.1
Project("{FAE04EC0-301F-11D3-BF4B-00C04F79EFBC}") = "Inke.Common", "Inke.Common\Inke.Common.csproj", "{B0FF1EF7-0F82-4F7B-86FB-48023BD945DD}"
EndProject
Project("{FAE04EC0-301F-11D3-BF4B-00C04F79EFBC}") = "InkeServer", "InkeServer\InkeServer.csproj", "{6A4A1EBC-42BD-479D-951F-52B4E9AC417F}"
EndProject
Project("{FAE04EC0-301F-11D3-BF4B-00C04F79EFBC}") = "InkeServer.Model", "InkeServer.Model\InkeServer.Model.csproj", "{3EC908A0-7AA1-4418-A6DA-9A5937BB2053}"
EndProject
Project("{2150E333-8FDC-42A3-9474-1A3956D46DE8}") = "(2)基础设施", "(2)基础设施", "{C3911FD0-35FE-41FB-ABEC-64D8AF602C9D}"
EndProject
Project("{2150E333-8FDC-42A3-9474-1A3956D46DE8}") = "(3)数据访问", "(3)数据访问", "{B4965643-3457-4C79-B51C-3F976E366CBD}"
EndProject
Project("{2150E333-8FDC-42A3-9474-1A3956D46DE8}") = "(4)业务逻辑", "(4)业务逻辑", "{8563F239-0E51-4BA1-8CF6-82F40F53CB01}"
EndProject
Project("{2150E333-8FDC-42A3-9474-1A3956D46DE8}") = "(5)应用接口", "(5)应用接口", "{78AC8767-749A-477C-90FC-7A27225132B4}"
EndProject
Project("{2150E333-8FDC-42A3-9474-1A3956D46DE8}") = "(1)公共工具", "(1)公共工具", "{307421E3-032F-48CA-80A5-F02198903462}"
EndProject
Project("{FAE04EC0-301F-11D3-BF4B-00C04F79EFBC}") = "InkeServer.API", "InkeServer.API\InkeServer.API.csproj", "{288CC874-1CD2-43FD-BC80-5F7BA8F9B2F4}"
EndProject
Project("{FAE04EC0-301F-11D3-BF4B-00C04F79EFBC}") = "InkeServer.API.Tests", "InkeServer.API.Tests\InkeServer.API.Tests.csproj", "{A68DAC18-46F3-41F4-983E-9F0317386581}"
EndProject
Project("{FAE04EC0-301F-11D3-BF4B-00C04F79EFBC}") = "InkeServer.DataMapping", "InkeServer.DataMapping\InkeServer.DataMapping.csproj", "{61FE4D25-B284-419F-B2E0-AAE3D9510081}"
EndProject
Project("{FAE04EC0-301F-11D3-BF4B-00C04F79EFBC}") = "InkeServer.Service", "InkeServer.Service\InkeServer.Service.csproj", "{A8EA6491-E7DD-4649-A2FF-26FDD6038F69}"
EndProject
Project("{FAE04EC0-301F-11D3-BF4B-00C04F79EFBC}") = "InkeServer.Service.Impl", "InkeServer.Service.Impl\InkeServer.Service.Impl.csproj", "{FB2CC4C6-953B-4C6F-B54B-174B0F2A7910}"
EndProject
Global
	GlobalSection(SolutionConfigurationPlatforms) = preSolution
		Debug|Any CPU = Debug|Any CPU
		Release|Any CPU = Release|Any CPU
	EndGlobalSection
	GlobalSection(ProjectConfigurationPlatforms) = postSolution
		{B0FF1EF7-0F82-4F7B-86FB-48023BD945DD}.Debug|Any CPU.ActiveCfg = Debug|Any CPU
		{B0FF1EF7-0F82-4F7B-86FB-48023BD945DD}.Debug|Any CPU.Build.0 = Debug|Any CPU
		{B0FF1EF7-0F82-4F7B-86FB-48023BD945DD}.Release|Any CPU.ActiveCfg = Release|Any CPU
		{B0FF1EF7-0F82-4F7B-86FB-48023BD945DD}.Release|Any CPU.Build.0 = Release|Any CPU
		{6A4A1EBC-42BD-479D-951F-52B4E9AC417F}.Debug|Any CPU.ActiveCfg = Debug|Any CPU
		{6A4A1EBC-42BD-479D-951F-52B4E9AC417F}.Debug|Any CPU.Build.0 = Debug|Any CPU
		{6A4A1EBC-42BD-479D-951F-52B4E9AC417F}.Release|Any CPU.ActiveCfg = Release|Any CPU
		{6A4A1EBC-42BD-479D-951F-52B4E9AC417F}.Release|Any CPU.Build.0 = Release|Any CPU
		{3EC908A0-7AA1-4418-A6DA-9A5937BB2053}.Debug|Any CPU.ActiveCfg = Debug|Any CPU
		{3EC908A0-7AA1-4418-A6DA-9A5937BB2053}.Debug|Any CPU.Build.0 = Debug|Any CPU
		{3EC908A0-7AA1-4418-A6DA-9A5937BB2053}.Release|Any CPU.ActiveCfg = Release|Any CPU
		{3EC908A0-7AA1-4418-A6DA-9A5937BB2053}.Release|Any CPU.Build.0 = Release|Any CPU
		{288CC874-1CD2-43FD-BC80-5F7BA8F9B2F4}.Debug|Any CPU.ActiveCfg = Debug|Any CPU
		{288CC874-1CD2-43FD-BC80-5F7BA8F9B2F4}.Debug|Any CPU.Build.0 = Debug|Any CPU
		{288CC874-1CD2-43FD-BC80-5F7BA8F9B2F4}.Release|Any CPU.ActiveCfg = Release|Any CPU
		{288CC874-1CD2-43FD-BC80-5F7BA8F9B2F4}.Release|Any CPU.Build.0 = Release|Any CPU
		{A68DAC18-46F3-41F4-983E-9F0317386581}.Debug|Any CPU.ActiveCfg = Debug|Any CPU
		{A68DAC18-46F3-41F4-983E-9F0317386581}.Debug|Any CPU.Build.0 = Debug|Any CPU
		{A68DAC18-46F3-41F4-983E-9F0317386581}.Release|Any CPU.ActiveCfg = Release|Any CPU
		{A68DAC18-46F3-41F4-983E-9F0317386581}.Release|Any CPU.Build.0 = Release|Any CPU
		{61FE4D25-B284-419F-B2E0-AAE3D9510081}.Debug|Any CPU.ActiveCfg = Debug|Any CPU
		{61FE4D25-B284-419F-B2E0-AAE3D9510081}.Debug|Any CPU.Build.0 = Debug|Any CPU
		{61FE4D25-B284-419F-B2E0-AAE3D9510081}.Release|Any CPU.ActiveCfg = Release|Any CPU
		{61FE4D25-B284-419F-B2E0-AAE3D9510081}.Release|Any CPU.Build.0 = Release|Any CPU
		{A8EA6491-E7DD-4649-A2FF-26FDD6038F69}.Debug|Any CPU.ActiveCfg = Debug|Any CPU
		{A8EA6491-E7DD-4649-A2FF-26FDD6038F69}.Debug|Any CPU.Build.0 = Debug|Any CPU
		{A8EA6491-E7DD-4649-A2FF-26FDD6038F69}.Release|Any CPU.ActiveCfg = Release|Any CPU
		{A8EA6491-E7DD-4649-A2FF-26FDD6038F69}.Release|Any CPU.Build.0 = Release|Any CPU
		{FB2CC4C6-953B-4C6F-B54B-174B0F2A7910}.Debug|Any CPU.ActiveCfg = Debug|Any CPU
		{FB2CC4C6-953B-4C6F-B54B-174B0F2A7910}.Debug|Any CPU.Build.0 = Debug|Any CPU
		{FB2CC4C6-953B-4C6F-B54B-174B0F2A7910}.Release|Any CPU.ActiveCfg = Release|Any CPU
		{FB2CC4C6-953B-4C6F-B54B-174B0F2A7910}.Release|Any CPU.Build.0 = Release|Any CPU
	EndGlobalSection
	GlobalSection(SolutionProperties) = preSolution
		HideSolutionNode = FALSE
	EndGlobalSection
	GlobalSection(NestedProjects) = preSolution
		{B0FF1EF7-0F82-4F7B-86FB-48023BD945DD} = {307421E3-032F-48CA-80A5-F02198903462}
		{6A4A1EBC-42BD-479D-951F-52B4E9AC417F} = {C3911FD0-35FE-41FB-ABEC-64D8AF602C9D}
		{3EC908A0-7AA1-4418-A6DA-9A5937BB2053} = {C3911FD0-35FE-41FB-ABEC-64D8AF602C9D}
		{288CC874-1CD2-43FD-BC80-5F7BA8F9B2F4} = {78AC8767-749A-477C-90FC-7A27225132B4}
		{A68DAC18-46F3-41F4-983E-9F0317386581} = {78AC8767-749A-477C-90FC-7A27225132B4}
		{61FE4D25-B284-419F-B2E0-AAE3D9510081} = {B4965643-3457-4C79-B51C-3F976E366CBD}
		{A8EA6491-E7DD-4649-A2FF-26FDD6038F69} = {8563F239-0E51-4BA1-8CF6-82F40F53CB01}
		{FB2CC4C6-953B-4C6F-B54B-174B0F2A7910} = {8563F239-0E51-4BA1-8CF6-82F40F53CB01}
	EndGlobalSection
EndGlobal
